
Microsoft Visual Studio Solution File, Format Version 12.00
# Visual Studio Version 17
VisualStudioVersion = 17.0.31903.59
MinimumVisualStudioVersion = 10.0.40219.1
Project("{FAE04EC0-301F-11D3-BF4B-00C04F79EFBC}") = "WeatherApp.Web", "WeatherApp.Web\WeatherApp.Web.csproj", "{69A76485-48F6-488C-BCB8-AD9C326E209C}"
EndProject
Project("{FAE04EC0-301F-11D3-BF4B-00C04F79EFBC}") = "WeatherApp.Logic", "WeatherApp.Logic\WeatherApp.Logic.csproj", "{49D93A2A-16FE-4748-87F7-C0C554BC877C}"
EndProject
Global
	GlobalSection(SolutionConfigurationPlatforms) = preSolution
		Debug|Any CPU = Debug|Any CPU
		Debug|x64 = Debug|x64
		Debug|x86 = Debug|x86
		Release|Any CPU = Release|Any CPU
		Release|x64 = Release|x64
		Release|x86 = Release|x86
	EndGlobalSection
	GlobalSection(ProjectConfigurationPlatforms) = postSolution
		{69A76485-48F6-488C-BCB8-AD9C326E209C}.Debug|Any CPU.ActiveCfg = Debug|Any CPU
		{69A76485-48F6-488C-BCB8-AD9C326E209C}.Debug|Any CPU.Build.0 = Debug|Any CPU
		{69A76485-48F6-488C-BCB8-AD9C326E209C}.Debug|x64.ActiveCfg = Debug|Any CPU
		{69A76485-48F6-488C-BCB8-AD9C326E209C}.Debug|x64.Build.0 = Debug|Any CPU
		{69A76485-48F6-488C-BCB8-AD9C326E209C}.Debug|x86.ActiveCfg = Debug|Any CPU
		{69A76485-48F6-488C-BCB8-AD9C326E209C}.Debug|x86.Build.0 = Debug|Any CPU
		{69A76485-48F6-488C-BCB8-AD9C326E209C}.Release|Any CPU.ActiveCfg = Release|Any CPU
		{69A76485-48F6-488C-BCB8-AD9C326E209C}.Release|Any CPU.Build.0 = Release|Any CPU
		{69A76485-48F6-488C-BCB8-AD9C326E209C}.Release|x64.ActiveCfg = Release|Any CPU
		{69A76485-48F6-488C-BCB8-AD9C326E209C}.Release|x64.Build.0 = Release|Any CPU
		{69A76485-48F6-488C-BCB8-AD9C326E209C}.Release|x86.ActiveCfg = Release|Any CPU
		{69A76485-48F6-488C-BCB8-AD9C326E209C}.Release|x86.Build.0 = Release|Any CPU
		{49D93A2A-16FE-4748-87F7-C0C554BC877C}.Debug|Any CPU.ActiveCfg = Debug|Any CPU
		{49D93A2A-16FE-4748-87F7-C0C554BC877C}.Debug|Any CPU.Build.0 = Debug|Any CPU
		{49D93A2A-16FE-4748-87F7-C0C554BC877C}.Debug|x64.ActiveCfg = Debug|Any CPU
		{49D93A2A-16FE-4748-87F7-C0C554BC877C}.Debug|x64.Build.0 = Debug|Any CPU
		{49D93A2A-16FE-4748-87F7-C0C554BC877C}.Debug|x86.ActiveCfg = Debug|Any CPU
		{49D93A2A-16FE-4748-87F7-C0C554BC877C}.Debug|x86.Build.0 = Debug|Any CPU
		{49D93A2A-16FE-4748-87F7-C0C554BC877C}.Release|Any CPU.ActiveCfg = Release|Any CPU
		{49D93A2A-16FE-4748-87F7-C0C554BC877C}.Release|Any CPU.Build.0 = Release|Any CPU
		{49D93A2A-16FE-4748-87F7-C0C554BC877C}.Release|x64.ActiveCfg = Release|Any CPU
		{49D93A2A-16FE-4748-87F7-C0C554BC877C}.Release|x64.Build.0 = Release|Any CPU
		{49D93A2A-16FE-4748-87F7-C0C554BC877C}.Release|x86.ActiveCfg = Release|Any CPU
		{49D93A2A-16FE-4748-87F7-C0C554BC877C}.Release|x86.Build.0 = Release|Any CPU
	EndGlobalSection
	GlobalSection(SolutionProperties) = preSolution
		HideSolutionNode = FALSE
	EndGlobalSection
EndGlobal
